
Microsoft Visual Studio Solution File, Format Version 12.00
# Visual Studio Version 17
VisualStudioVersion = 17.6.33815.320
MinimumVisualStudioVersion = 10.0.40219.1
Project("{FAE04EC0-301F-11D3-BF4B-00C04F79EFBC}") = "Veri Girişi ve Dönüşümleri", "Veri Girişi ve Dönüşümleri\Veri Girişi ve Dönüşümleri.csproj", "{09726A28-AA98-491D-BFE4-1BEFF3AC9F75}"
EndProject
Global
	GlobalSection(SolutionConfigurationPlatforms) = preSolution
		Debug|Any CPU = Debug|Any CPU
		Release|Any CPU = Release|Any CPU
	EndGlobalSection
	GlobalSection(ProjectConfigurationPlatforms) = postSolution
		{09726A28-AA98-491D-BFE4-1BEFF3AC9F75}.Debug|Any CPU.ActiveCfg = Debug|Any CPU
		{09726A28-AA98-491D-BFE4-1BEFF3AC9F75}.Debug|Any CPU.Build.0 = Debug|Any CPU
		{09726A28-AA98-491D-BFE4-1BEFF3AC9F75}.Release|Any CPU.ActiveCfg = Release|Any CPU
		{09726A28-AA98-491D-BFE4-1BEFF3AC9F75}.Release|Any CPU.Build.0 = Release|Any CPU
	EndGlobalSection
	GlobalSection(SolutionProperties) = preSolution
		HideSolutionNode = FALSE
	EndGlobalSection
	GlobalSection(ExtensibilityGlobals) = postSolution
		SolutionGuid = {D3060720-5F4C-46C8-8969-D9BC1E18A75F}
	EndGlobalSection
EndGlobal
