
Microsoft Visual Studio Solution File, Format Version 12.00
# Visual Studio Version 17
VisualStudioVersion = 17.6.33815.320
MinimumVisualStudioVersion = 10.0.40219.1
Project("{FAE04EC0-301F-11D3-BF4B-00C04F79EFBC}") = "Quiz Uygulaması Sınıf", "Quiz Uygulaması Sınıf\Quiz Uygulaması Sınıf.csproj", "{EACDBA7E-DEA0-4BBE-B85F-96BBA92C45F5}"
EndProject
Global
	GlobalSection(SolutionConfigurationPlatforms) = preSolution
		Debug|Any CPU = Debug|Any CPU
		Release|Any CPU = Release|Any CPU
	EndGlobalSection
	GlobalSection(ProjectConfigurationPlatforms) = postSolution
		{EACDBA7E-DEA0-4BBE-B85F-96BBA92C45F5}.Debug|Any CPU.ActiveCfg = Debug|Any CPU
		{EACDBA7E-DEA0-4BBE-B85F-96BBA92C45F5}.Debug|Any CPU.Build.0 = Debug|Any CPU
		{EACDBA7E-DEA0-4BBE-B85F-96BBA92C45F5}.Release|Any CPU.ActiveCfg = Release|Any CPU
		{EACDBA7E-DEA0-4BBE-B85F-96BBA92C45F5}.Release|Any CPU.Build.0 = Release|Any CPU
	EndGlobalSection
	GlobalSection(SolutionProperties) = preSolution
		HideSolutionNode = FALSE
	EndGlobalSection
	GlobalSection(ExtensibilityGlobals) = postSolution
		SolutionGuid = {5CDF6F39-B21D-48FD-ABCF-68A8DC073B0A}
	EndGlobalSection
EndGlobal
