
Microsoft Visual Studio Solution File, Format Version 12.00
# Visual Studio Version 17
VisualStudioVersion = 17.6.33815.320
MinimumVisualStudioVersion = 10.0.40219.1
Project("{FAE04EC0-301F-11D3-BF4B-00C04F79EFBC}") = "Diziler", "Diziler\Diziler.csproj", "{8B9C5963-C72C-4B1B-907D-7ED4D0B95F8B}"
EndProject
Global
	GlobalSection(SolutionConfigurationPlatforms) = preSolution
		Debug|Any CPU = Debug|Any CPU
		Release|Any CPU = Release|Any CPU
	EndGlobalSection
	GlobalSection(ProjectConfigurationPlatforms) = postSolution
		{8B9C5963-C72C-4B1B-907D-7ED4D0B95F8B}.Debug|Any CPU.ActiveCfg = Debug|Any CPU
		{8B9C5963-C72C-4B1B-907D-7ED4D0B95F8B}.Debug|Any CPU.Build.0 = Debug|Any CPU
		{8B9C5963-C72C-4B1B-907D-7ED4D0B95F8B}.Release|Any CPU.ActiveCfg = Release|Any CPU
		{8B9C5963-C72C-4B1B-907D-7ED4D0B95F8B}.Release|Any CPU.Build.0 = Release|Any CPU
	EndGlobalSection
	GlobalSection(SolutionProperties) = preSolution
		HideSolutionNode = FALSE
	EndGlobalSection
	GlobalSection(ExtensibilityGlobals) = postSolution
		SolutionGuid = {E1DBB78B-9486-4A0F-AEBE-E8555A3F27A7}
	EndGlobalSection
EndGlobal
